// !$*UTF8*$!
{
	archiveVersion = 1;
	classes = {
	};
	objectVersion = 51;
	objects = {

/* Begin PBXBuildFile section */
		0F4337A7E9F597232AA6105E /* Pods_MTLight.framework in Frameworks */ = {isa = PBXBuildFile; fileRef = 48B98E20FF01BD367C291F21 /* Pods_MTLight.framework */; };
		FA5E435F24DDA0B100DE31BC /* RxCocoa.framework in Frameworks */ = {isa = PBXBuildFile; fileRef = FA5E435A24DDA0B100DE31BC /* RxCocoa.framework */; };
		FA5E436124DDA0B100DE31BC /* RxDataSources.framework in Frameworks */ = {isa = PBXBuildFile; fileRef = FA5E435B24DDA0B100DE31BC /* RxDataSources.framework */; };
		FA5E436324DDA0B100DE31BC /* RxSwift.framework in Frameworks */ = {isa = PBXBuildFile; fileRef = FA5E435C24DDA0B100DE31BC /* RxSwift.framework */; };
		FA5E436524DDA0B100DE31BC /* Differentiator.framework in Frameworks */ = {isa = PBXBuildFile; fileRef = FA5E435D24DDA0B100DE31BC /* Differentiator.framework */; };
		FA5E436724DDA0B100DE31BC /* RxRelay.framework in Frameworks */ = {isa = PBXBuildFile; fileRef = FA5E435E24DDA0B100DE31BC /* RxRelay.framework */; };
		FA5E437224DDA22800DE31BC /* transactions_1.json in Resources */ = {isa = PBXBuildFile; fileRef = FA5E436E24DDA22800DE31BC /* transactions_1.json */; };
		FA5E437324DDA22800DE31BC /* transactions_3.json in Resources */ = {isa = PBXBuildFile; fileRef = FA5E436F24DDA22800DE31BC /* transactions_3.json */; };
		FA5E437424DDA22800DE31BC /* transactions_2.json in Resources */ = {isa = PBXBuildFile; fileRef = FA5E437024DDA22800DE31BC /* transactions_2.json */; };
		FA5E437524DDA22800DE31BC /* accounts.json in Resources */ = {isa = PBXBuildFile; fileRef = FA5E437124DDA22800DE31BC /* accounts.json */; };
		FA5E437824DE036500DE31BC /* Accounts.swift in Sources */ = {isa = PBXBuildFile; fileRef = FA5E437724DE036500DE31BC /* Accounts.swift */; };
		FA5E437D24DE03A300DE31BC /* Account.swift in Sources */ = {isa = PBXBuildFile; fileRef = FA5E437C24DE03A300DE31BC /* Account.swift */; };
		FA5E437F24DE044C00DE31BC /* MTService.swift in Sources */ = {isa = PBXBuildFile; fileRef = FA5E437E24DE044C00DE31BC /* MTService.swift */; };
		FA5E438224DE067200DE31BC /* TransactionsViewModel.swift in Sources */ = {isa = PBXBuildFile; fileRef = FA5E438124DE067200DE31BC /* TransactionsViewModel.swift */; };
		FA5E438424DE067E00DE31BC /* TransactionsViewController.swift in Sources */ = {isa = PBXBuildFile; fileRef = FA5E438324DE067E00DE31BC /* TransactionsViewController.swift */; };
		FA5E438724DE068E00DE31BC /* TransactionsStoryboard.storyboard in Resources */ = {isa = PBXBuildFile; fileRef = FA5E438624DE068E00DE31BC /* TransactionsStoryboard.storyboard */; };
		FA5E438924DE06EA00DE31BC /* Transaction.swift in Sources */ = {isa = PBXBuildFile; fileRef = FA5E438824DE06EA00DE31BC /* Transaction.swift */; };
		FA5E438B24DE06F100DE31BC /* Transactions.swift in Sources */ = {isa = PBXBuildFile; fileRef = FA5E438A24DE06F100DE31BC /* Transactions.swift */; };
		FA5E438E24DE079D00DE31BC /* AccountsWireframe.swift in Sources */ = {isa = PBXBuildFile; fileRef = FA5E438D24DE079D00DE31BC /* AccountsWireframe.swift */; };
		FA5E439024DE07C600DE31BC /* TransactionsWireframe.swift in Sources */ = {isa = PBXBuildFile; fileRef = FA5E438F24DE07C500DE31BC /* TransactionsWireframe.swift */; };
		FAC457E524DD8D9E002BA373 /* AppDelegate.swift in Sources */ = {isa = PBXBuildFile; fileRef = FAC457E424DD8D9E002BA373 /* AppDelegate.swift */; };
		FAC457E724DD8D9E002BA373 /* SceneDelegate.swift in Sources */ = {isa = PBXBuildFile; fileRef = FAC457E624DD8D9E002BA373 /* SceneDelegate.swift */; };
		FAC457EE24DD8D9E002BA373 /* Assets.xcassets in Resources */ = {isa = PBXBuildFile; fileRef = FAC457ED24DD8D9E002BA373 /* Assets.xcassets */; };
		FAC457F124DD8D9E002BA373 /* LaunchScreen.storyboard in Resources */ = {isa = PBXBuildFile; fileRef = FAC457EF24DD8D9E002BA373 /* LaunchScreen.storyboard */; };
		FAC457FC24DD8D9E002BA373 /* MTLightTests.swift in Sources */ = {isa = PBXBuildFile; fileRef = FAC457FB24DD8D9E002BA373 /* MTLightTests.swift */; };
		FAC4580824DD8ED3002BA373 /* AccountsViewController.swift in Sources */ = {isa = PBXBuildFile; fileRef = FAC4580724DD8ED3002BA373 /* AccountsViewController.swift */; };
		FAC4580A24DD8EDF002BA373 /* AccountsStoryboard.storyboard in Resources */ = {isa = PBXBuildFile; fileRef = FAC4580924DD8EDF002BA373 /* AccountsStoryboard.storyboard */; };
		FAC4580E24DD8F05002BA373 /* AccountsViewModel.swift in Sources */ = {isa = PBXBuildFile; fileRef = FAC4580D24DD8F05002BA373 /* AccountsViewModel.swift */; };
		FAC4581124DD900F002BA373 /* Injectable.swift in Sources */ = {isa = PBXBuildFile; fileRef = FAC4581024DD900F002BA373 /* Injectable.swift */; };
		FAC4581324DD9019002BA373 /* StoryboardInstantiable.swift in Sources */ = {isa = PBXBuildFile; fileRef = FAC4581224DD9019002BA373 /* StoryboardInstantiable.swift */; };
		FAFA322C24DD92F1002A4A08 /* Storyboards.swift in Sources */ = {isa = PBXBuildFile; fileRef = FAFA322924DD92F1002A4A08 /* Storyboards.swift */; };
		FAFA322D24DD92F1002A4A08 /* L10n.swift in Sources */ = {isa = PBXBuildFile; fileRef = FAFA322A24DD92F1002A4A08 /* L10n.swift */; };
		FAFA322E24DD92F1002A4A08 /* Asset.swift in Sources */ = {isa = PBXBuildFile; fileRef = FAFA322B24DD92F1002A4A08 /* Asset.swift */; };
		FAFA323124DD931A002A4A08 /* Localizable.strings in Resources */ = {isa = PBXBuildFile; fileRef = FAFA323024DD931A002A4A08 /* Localizable.strings */; };
		FAFEF41824DE0B6500CE388E /* Double+Currency.swift in Sources */ = {isa = PBXBuildFile; fileRef = FAFEF41724DE0B6500CE388E /* Double+Currency.swift */; };
		FAFEF41B24DFA11300CE388E /* Reusable.swift in Sources */ = {isa = PBXBuildFile; fileRef = FAFEF41A24DFA11300CE388E /* Reusable.swift */; };
		FAFEF41D24DFA12900CE388E /* NibLoadable.swift in Sources */ = {isa = PBXBuildFile; fileRef = FAFEF41C24DFA12900CE388E /* NibLoadable.swift */; };
		FAFEF41F24DFA14700CE388E /* UITableView+Additions.swift in Sources */ = {isa = PBXBuildFile; fileRef = FAFEF41E24DFA14700CE388E /* UITableView+Additions.swift */; };
		FAFEF42224DFA23C00CE388E /* TransactionCell.swift in Sources */ = {isa = PBXBuildFile; fileRef = FAFEF42024DFA23C00CE388E /* TransactionCell.swift */; };
		FAFEF42324DFA23C00CE388E /* TransactionCell.xib in Resources */ = {isa = PBXBuildFile; fileRef = FAFEF42124DFA23C00CE388E /* TransactionCell.xib */; };
		FAFEF42824DFA55E00CE388E /* AccountCell.swift in Sources */ = {isa = PBXBuildFile; fileRef = FAFEF42624DFA55E00CE388E /* AccountCell.swift */; };
		FAFEF42924DFA55E00CE388E /* AccountCell.xib in Resources */ = {isa = PBXBuildFile; fileRef = FAFEF42724DFA55E00CE388E /* AccountCell.xib */; };
		FAFEF42C24DFA81000CE388E /* AlertDisplayable.swift in Sources */ = {isa = PBXBuildFile; fileRef = FAFEF42B24DFA81000CE388E /* AlertDisplayable.swift */; };
		FEE8A591AF367381EA944DA6 /* Pods_MTLightTests.framework in Frameworks */ = {isa = PBXBuildFile; fileRef = 98D42EE9EF042B20A029EAD8 /* Pods_MTLightTests.framework */; };
/* End PBXBuildFile section */

/* Begin PBXContainerItemProxy section */
		FAC457F824DD8D9E002BA373 /* PBXContainerItemProxy */ = {
			isa = PBXContainerItemProxy;
			containerPortal = FAC457D924DD8D9D002BA373 /* Project object */;
			proxyType = 1;
			remoteGlobalIDString = FAC457E024DD8D9E002BA373;
			remoteInfo = MTLight;
		};
/* End PBXContainerItemProxy section */

/* Begin PBXFileReference section */
		0A037B3A17B4F0FB5F46929C /* Pods-MTLightTests.debug.xcconfig */ = {isa = PBXFileReference; includeInIndex = 1; lastKnownFileType = text.xcconfig; name = "Pods-MTLightTests.debug.xcconfig"; path = "Target Support Files/Pods-MTLightTests/Pods-MTLightTests.debug.xcconfig"; sourceTree = "<group>"; };
		48B98E20FF01BD367C291F21 /* Pods_MTLight.framework */ = {isa = PBXFileReference; explicitFileType = wrapper.framework; includeInIndex = 0; path = Pods_MTLight.framework; sourceTree = BUILT_PRODUCTS_DIR; };
		72266CD0C5282D513735A54D /* Pods-MTLight.debug.xcconfig */ = {isa = PBXFileReference; includeInIndex = 1; lastKnownFileType = text.xcconfig; name = "Pods-MTLight.debug.xcconfig"; path = "Target Support Files/Pods-MTLight/Pods-MTLight.debug.xcconfig"; sourceTree = "<group>"; };
		9612511BDF6A6778AC76AEBB /* Pods-MTLight.release.xcconfig */ = {isa = PBXFileReference; includeInIndex = 1; lastKnownFileType = text.xcconfig; name = "Pods-MTLight.release.xcconfig"; path = "Target Support Files/Pods-MTLight/Pods-MTLight.release.xcconfig"; sourceTree = "<group>"; };
		98A8789DFE3FFD2884A713AB /* Pods-MTLightTests.release.xcconfig */ = {isa = PBXFileReference; includeInIndex = 1; lastKnownFileType = text.xcconfig; name = "Pods-MTLightTests.release.xcconfig"; path = "Target Support Files/Pods-MTLightTests/Pods-MTLightTests.release.xcconfig"; sourceTree = "<group>"; };
		98D42EE9EF042B20A029EAD8 /* Pods_MTLightTests.framework */ = {isa = PBXFileReference; explicitFileType = wrapper.framework; includeInIndex = 0; path = Pods_MTLightTests.framework; sourceTree = BUILT_PRODUCTS_DIR; };
		FA5E435A24DDA0B100DE31BC /* RxCocoa.framework */ = {isa = PBXFileReference; lastKnownFileType = wrapper.framework; name = RxCocoa.framework; path = Carthage/Build/iOS/RxCocoa.framework; sourceTree = "<group>"; };
		FA5E435B24DDA0B100DE31BC /* RxDataSources.framework */ = {isa = PBXFileReference; lastKnownFileType = wrapper.framework; name = RxDataSources.framework; path = Carthage/Build/iOS/RxDataSources.framework; sourceTree = "<group>"; };
		FA5E435C24DDA0B100DE31BC /* RxSwift.framework */ = {isa = PBXFileReference; lastKnownFileType = wrapper.framework; name = RxSwift.framework; path = Carthage/Build/iOS/RxSwift.framework; sourceTree = "<group>"; };
		FA5E435D24DDA0B100DE31BC /* Differentiator.framework */ = {isa = PBXFileReference; lastKnownFileType = wrapper.framework; name = Differentiator.framework; path = Carthage/Build/iOS/Differentiator.framework; sourceTree = "<group>"; };
		FA5E435E24DDA0B100DE31BC /* RxRelay.framework */ = {isa = PBXFileReference; lastKnownFileType = wrapper.framework; name = RxRelay.framework; path = Carthage/Build/iOS/RxRelay.framework; sourceTree = "<group>"; };
		FA5E436A24DDA0D000DE31BC /* input.xcfilelist */ = {isa = PBXFileReference; lastKnownFileType = text.xcfilelist; path = input.xcfilelist; sourceTree = "<group>"; };
		FA5E436B24DDA0DA00DE31BC /* output.xcfilelist */ = {isa = PBXFileReference; lastKnownFileType = text.xcfilelist; path = output.xcfilelist; sourceTree = "<group>"; };
		FA5E436E24DDA22800DE31BC /* transactions_1.json */ = {isa = PBXFileReference; fileEncoding = 4; lastKnownFileType = text.json; path = transactions_1.json; sourceTree = "<group>"; };
		FA5E436F24DDA22800DE31BC /* transactions_3.json */ = {isa = PBXFileReference; fileEncoding = 4; lastKnownFileType = text.json; path = transactions_3.json; sourceTree = "<group>"; };
		FA5E437024DDA22800DE31BC /* transactions_2.json */ = {isa = PBXFileReference; fileEncoding = 4; lastKnownFileType = text.json; path = transactions_2.json; sourceTree = "<group>"; };
		FA5E437124DDA22800DE31BC /* accounts.json */ = {isa = PBXFileReference; fileEncoding = 4; lastKnownFileType = text.json; path = accounts.json; sourceTree = "<group>"; };
		FA5E437724DE036500DE31BC /* Accounts.swift */ = {isa = PBXFileReference; lastKnownFileType = sourcecode.swift; path = Accounts.swift; sourceTree = "<group>"; };
		FA5E437C24DE03A300DE31BC /* Account.swift */ = {isa = PBXFileReference; lastKnownFileType = sourcecode.swift; path = Account.swift; sourceTree = "<group>"; };
		FA5E437E24DE044C00DE31BC /* MTService.swift */ = {isa = PBXFileReference; lastKnownFileType = sourcecode.swift; path = MTService.swift; sourceTree = "<group>"; };
		FA5E438124DE067200DE31BC /* TransactionsViewModel.swift */ = {isa = PBXFileReference; lastKnownFileType = sourcecode.swift; path = TransactionsViewModel.swift; sourceTree = "<group>"; };
		FA5E438324DE067E00DE31BC /* TransactionsViewController.swift */ = {isa = PBXFileReference; lastKnownFileType = sourcecode.swift; path = TransactionsViewController.swift; sourceTree = "<group>"; };
		FA5E438624DE068E00DE31BC /* TransactionsStoryboard.storyboard */ = {isa = PBXFileReference; lastKnownFileType = file.storyboard; path = TransactionsStoryboard.storyboard; sourceTree = "<group>"; };
		FA5E438824DE06EA00DE31BC /* Transaction.swift */ = {isa = PBXFileReference; lastKnownFileType = sourcecode.swift; path = Transaction.swift; sourceTree = "<group>"; };
		FA5E438A24DE06F100DE31BC /* Transactions.swift */ = {isa = PBXFileReference; lastKnownFileType = sourcecode.swift; path = Transactions.swift; sourceTree = "<group>"; };
		FA5E438D24DE079D00DE31BC /* AccountsWireframe.swift */ = {isa = PBXFileReference; lastKnownFileType = sourcecode.swift; path = AccountsWireframe.swift; sourceTree = "<group>"; };
		FA5E438F24DE07C500DE31BC /* TransactionsWireframe.swift */ = {isa = PBXFileReference; lastKnownFileType = sourcecode.swift; path = TransactionsWireframe.swift; sourceTree = "<group>"; };
		FAC457E124DD8D9E002BA373 /* MTLight.app */ = {isa = PBXFileReference; explicitFileType = wrapper.application; includeInIndex = 0; path = MTLight.app; sourceTree = BUILT_PRODUCTS_DIR; };
		FAC457E424DD8D9E002BA373 /* AppDelegate.swift */ = {isa = PBXFileReference; lastKnownFileType = sourcecode.swift; path = AppDelegate.swift; sourceTree = "<group>"; };
		FAC457E624DD8D9E002BA373 /* SceneDelegate.swift */ = {isa = PBXFileReference; lastKnownFileType = sourcecode.swift; path = SceneDelegate.swift; sourceTree = "<group>"; };
		FAC457ED24DD8D9E002BA373 /* Assets.xcassets */ = {isa = PBXFileReference; lastKnownFileType = folder.assetcatalog; path = Assets.xcassets; sourceTree = "<group>"; };
		FAC457F024DD8D9E002BA373 /* Base */ = {isa = PBXFileReference; lastKnownFileType = file.storyboard; name = Base; path = Base.lproj/LaunchScreen.storyboard; sourceTree = "<group>"; };
		FAC457F224DD8D9E002BA373 /* Info.plist */ = {isa = PBXFileReference; lastKnownFileType = text.plist.xml; path = Info.plist; sourceTree = "<group>"; };
		FAC457F724DD8D9E002BA373 /* MTLightTests.xctest */ = {isa = PBXFileReference; explicitFileType = wrapper.cfbundle; includeInIndex = 0; path = MTLightTests.xctest; sourceTree = BUILT_PRODUCTS_DIR; };
		FAC457FB24DD8D9E002BA373 /* MTLightTests.swift */ = {isa = PBXFileReference; lastKnownFileType = sourcecode.swift; path = MTLightTests.swift; sourceTree = "<group>"; };
		FAC457FD24DD8D9E002BA373 /* Info.plist */ = {isa = PBXFileReference; lastKnownFileType = text.plist.xml; path = Info.plist; sourceTree = "<group>"; };
		FAC4580724DD8ED3002BA373 /* AccountsViewController.swift */ = {isa = PBXFileReference; lastKnownFileType = sourcecode.swift; path = AccountsViewController.swift; sourceTree = "<group>"; };
		FAC4580924DD8EDF002BA373 /* AccountsStoryboard.storyboard */ = {isa = PBXFileReference; lastKnownFileType = file.storyboard; path = AccountsStoryboard.storyboard; sourceTree = "<group>"; };
		FAC4580D24DD8F05002BA373 /* AccountsViewModel.swift */ = {isa = PBXFileReference; lastKnownFileType = sourcecode.swift; path = AccountsViewModel.swift; sourceTree = "<group>"; };
		FAC4581024DD900F002BA373 /* Injectable.swift */ = {isa = PBXFileReference; lastKnownFileType = sourcecode.swift; path = Injectable.swift; sourceTree = "<group>"; };
		FAC4581224DD9019002BA373 /* StoryboardInstantiable.swift */ = {isa = PBXFileReference; lastKnownFileType = sourcecode.swift; path = StoryboardInstantiable.swift; sourceTree = "<group>"; };
		FAFA322924DD92F1002A4A08 /* Storyboards.swift */ = {isa = PBXFileReference; fileEncoding = 4; lastKnownFileType = sourcecode.swift; path = Storyboards.swift; sourceTree = "<group>"; };
		FAFA322A24DD92F1002A4A08 /* L10n.swift */ = {isa = PBXFileReference; fileEncoding = 4; lastKnownFileType = sourcecode.swift; path = L10n.swift; sourceTree = "<group>"; };
		FAFA322B24DD92F1002A4A08 /* Asset.swift */ = {isa = PBXFileReference; fileEncoding = 4; lastKnownFileType = sourcecode.swift; path = Asset.swift; sourceTree = "<group>"; };
		FAFA323024DD931A002A4A08 /* Localizable.strings */ = {isa = PBXFileReference; fileEncoding = 4; lastKnownFileType = text.plist.strings; path = Localizable.strings; sourceTree = "<group>"; };
		FAFEF41724DE0B6500CE388E /* Double+Currency.swift */ = {isa = PBXFileReference; lastKnownFileType = sourcecode.swift; path = "Double+Currency.swift"; sourceTree = "<group>"; };
		FAFEF41A24DFA11300CE388E /* Reusable.swift */ = {isa = PBXFileReference; lastKnownFileType = sourcecode.swift; path = Reusable.swift; sourceTree = "<group>"; };
		FAFEF41C24DFA12900CE388E /* NibLoadable.swift */ = {isa = PBXFileReference; lastKnownFileType = sourcecode.swift; path = NibLoadable.swift; sourceTree = "<group>"; };
		FAFEF41E24DFA14700CE388E /* UITableView+Additions.swift */ = {isa = PBXFileReference; lastKnownFileType = sourcecode.swift; path = "UITableView+Additions.swift"; sourceTree = "<group>"; };
		FAFEF42024DFA23C00CE388E /* TransactionCell.swift */ = {isa = PBXFileReference; lastKnownFileType = sourcecode.swift; path = TransactionCell.swift; sourceTree = "<group>"; };
		FAFEF42124DFA23C00CE388E /* TransactionCell.xib */ = {isa = PBXFileReference; lastKnownFileType = file.xib; path = TransactionCell.xib; sourceTree = "<group>"; };
		FAFEF42624DFA55E00CE388E /* AccountCell.swift */ = {isa = PBXFileReference; lastKnownFileType = sourcecode.swift; path = AccountCell.swift; sourceTree = "<group>"; };
		FAFEF42724DFA55E00CE388E /* AccountCell.xib */ = {isa = PBXFileReference; lastKnownFileType = file.xib; path = AccountCell.xib; sourceTree = "<group>"; };
		FAFEF42B24DFA81000CE388E /* AlertDisplayable.swift */ = {isa = PBXFileReference; lastKnownFileType = sourcecode.swift; path = AlertDisplayable.swift; sourceTree = "<group>"; };
/* End PBXFileReference section */

/* Begin PBXFrameworksBuildPhase section */
		FAC457DE24DD8D9E002BA373 /* Frameworks */ = {
			isa = PBXFrameworksBuildPhase;
			buildActionMask = 2147483647;
			files = (
				FA5E436324DDA0B100DE31BC /* RxSwift.framework in Frameworks */,
				FA5E436524DDA0B100DE31BC /* Differentiator.framework in Frameworks */,
				FA5E436724DDA0B100DE31BC /* RxRelay.framework in Frameworks */,
				FA5E436124DDA0B100DE31BC /* RxDataSources.framework in Frameworks */,
				FA5E435F24DDA0B100DE31BC /* RxCocoa.framework in Frameworks */,
				0F4337A7E9F597232AA6105E /* Pods_MTLight.framework in Frameworks */,
			);
			runOnlyForDeploymentPostprocessing = 0;
		};
		FAC457F424DD8D9E002BA373 /* Frameworks */ = {
			isa = PBXFrameworksBuildPhase;
			buildActionMask = 2147483647;
			files = (
				FEE8A591AF367381EA944DA6 /* Pods_MTLightTests.framework in Frameworks */,
			);
			runOnlyForDeploymentPostprocessing = 0;
		};
/* End PBXFrameworksBuildPhase section */

/* Begin PBXGroup section */
		29BA75731EF31296CE74FBB4 /* Pods */ = {
			isa = PBXGroup;
			children = (
				72266CD0C5282D513735A54D /* Pods-MTLight.debug.xcconfig */,
				9612511BDF6A6778AC76AEBB /* Pods-MTLight.release.xcconfig */,
				0A037B3A17B4F0FB5F46929C /* Pods-MTLightTests.debug.xcconfig */,
				98A8789DFE3FFD2884A713AB /* Pods-MTLightTests.release.xcconfig */,
			);
			path = Pods;
			sourceTree = "<group>";
		};
		4A86572CE1504AFF41B47AEE /* Frameworks */ = {
			isa = PBXGroup;
			children = (
				FA5E435D24DDA0B100DE31BC /* Differentiator.framework */,
				FA5E435A24DDA0B100DE31BC /* RxCocoa.framework */,
				FA5E435B24DDA0B100DE31BC /* RxDataSources.framework */,
				FA5E435E24DDA0B100DE31BC /* RxRelay.framework */,
				FA5E435C24DDA0B100DE31BC /* RxSwift.framework */,
				48B98E20FF01BD367C291F21 /* Pods_MTLight.framework */,
				98D42EE9EF042B20A029EAD8 /* Pods_MTLightTests.framework */,
			);
			name = Frameworks;
			sourceTree = "<group>";
		};
		FA5E437624DDA22D00DE31BC /* json */ = {
			isa = PBXGroup;
			children = (
				FA5E437124DDA22800DE31BC /* accounts.json */,
				FA5E436E24DDA22800DE31BC /* transactions_1.json */,
				FA5E437024DDA22800DE31BC /* transactions_2.json */,
				FA5E436F24DDA22800DE31BC /* transactions_3.json */,
			);
			path = json;
			sourceTree = "<group>";
		};
		FA5E437924DE036900DE31BC /* Models */ = {
			isa = PBXGroup;
			children = (
				FA5E437A24DE037000DE31BC /* Accounts */,
				FA5E438C24DE06F600DE31BC /* Transactions */,
			);
			path = Models;
			sourceTree = "<group>";
		};
		FA5E437A24DE037000DE31BC /* Accounts */ = {
			isa = PBXGroup;
			children = (
				FA5E437C24DE03A300DE31BC /* Account.swift */,
				FA5E437724DE036500DE31BC /* Accounts.swift */,
			);
			path = Accounts;
			sourceTree = "<group>";
		};
		FA5E438024DE044F00DE31BC /* Services */ = {
			isa = PBXGroup;
			children = (
				FA5E437E24DE044C00DE31BC /* MTService.swift */,
			);
			path = Services;
			sourceTree = "<group>";
		};
		FA5E438524DE068200DE31BC /* Transactions */ = {
			isa = PBXGroup;
			children = (
				FA5E438624DE068E00DE31BC /* TransactionsStoryboard.storyboard */,
				FA5E438324DE067E00DE31BC /* TransactionsViewController.swift */,
				FA5E438F24DE07C500DE31BC /* TransactionsWireframe.swift */,
			);
			path = Transactions;
			sourceTree = "<group>";
		};
		FA5E438C24DE06F600DE31BC /* Transactions */ = {
			isa = PBXGroup;
			children = (
				FA5E438824DE06EA00DE31BC /* Transaction.swift */,
				FA5E438A24DE06F100DE31BC /* Transactions.swift */,
			);
			path = Transactions;
			sourceTree = "<group>";
		};
		FAC457D824DD8D9D002BA373 = {
			isa = PBXGroup;
			children = (
				FAC457E324DD8D9E002BA373 /* MTLight */,
				FAC457FA24DD8D9E002BA373 /* MTLightTests */,
				FAC457E224DD8D9E002BA373 /* Products */,
				29BA75731EF31296CE74FBB4 /* Pods */,
				4A86572CE1504AFF41B47AEE /* Frameworks */,
			);
			sourceTree = "<group>";
		};
		FAC457E224DD8D9E002BA373 /* Products */ = {
			isa = PBXGroup;
			children = (
				FAC457E124DD8D9E002BA373 /* MTLight.app */,
				FAC457F724DD8D9E002BA373 /* MTLightTests.xctest */,
			);
			name = Products;
			sourceTree = "<group>";
		};
		FAC457E324DD8D9E002BA373 /* MTLight */ = {
			isa = PBXGroup;
			children = (
				FAC457E424DD8D9E002BA373 /* AppDelegate.swift */,
				FAC457E624DD8D9E002BA373 /* SceneDelegate.swift */,
				FAC457F224DD8D9E002BA373 /* Info.plist */,
				FA5E436A24DDA0D000DE31BC /* input.xcfilelist */,
				FA5E436B24DDA0DA00DE31BC /* output.xcfilelist */,
				FA5E438024DE044F00DE31BC /* Services */,
				FA5E437924DE036900DE31BC /* Models */,
				FAC4580F24DD8F0A002BA373 /* ViewModels */,
				FAC4580C24DD8EF2002BA373 /* ViewControllers */,
				FAFEF42524DFA25400CE388E /* Views */,
				FAFEF41924DE0B6A00CE388E /* Extensions */,
				FAC4581424DD901E002BA373 /* Protocols */,
				FAC4580624DD8E6D002BA373 /* Resources */,
			);
			path = MTLight;
			sourceTree = "<group>";
		};
		FAC457FA24DD8D9E002BA373 /* MTLightTests */ = {
			isa = PBXGroup;
			children = (
				FAC457FB24DD8D9E002BA373 /* MTLightTests.swift */,
				FAC457FD24DD8D9E002BA373 /* Info.plist */,
			);
			path = MTLightTests;
			sourceTree = "<group>";
		};
		FAC4580624DD8E6D002BA373 /* Resources */ = {
			isa = PBXGroup;
			children = (
				FAFA322F24DD92FA002A4A08 /* Generated */,
				FAFA323224DD9321002A4A08 /* en.lproj */,
				FA5E437624DDA22D00DE31BC /* json */,
				FAC457ED24DD8D9E002BA373 /* Assets.xcassets */,
				FAC457EF24DD8D9E002BA373 /* LaunchScreen.storyboard */,
			);
			path = Resources;
			sourceTree = "<group>";
		};
		FAC4580B24DD8EE9002BA373 /* Accounts */ = {
			isa = PBXGroup;
			children = (
				FAC4580924DD8EDF002BA373 /* AccountsStoryboard.storyboard */,
				FAC4580724DD8ED3002BA373 /* AccountsViewController.swift */,
				FA5E438D24DE079D00DE31BC /* AccountsWireframe.swift */,
			);
			path = Accounts;
			sourceTree = "<group>";
		};
		FAC4580C24DD8EF2002BA373 /* ViewControllers */ = {
			isa = PBXGroup;
			children = (
				FAC4580B24DD8EE9002BA373 /* Accounts */,
				FA5E438524DE068200DE31BC /* Transactions */,
			);
			path = ViewControllers;
			sourceTree = "<group>";
		};
		FAC4580F24DD8F0A002BA373 /* ViewModels */ = {
			isa = PBXGroup;
			children = (
				FAC4580D24DD8F05002BA373 /* AccountsViewModel.swift */,
				FA5E438124DE067200DE31BC /* TransactionsViewModel.swift */,
			);
			path = ViewModels;
			sourceTree = "<group>";
		};
		FAC4581424DD901E002BA373 /* Protocols */ = {
			isa = PBXGroup;
			children = (
				FAFEF42B24DFA81000CE388E /* AlertDisplayable.swift */,
				FAC4581024DD900F002BA373 /* Injectable.swift */,
				FAFEF41C24DFA12900CE388E /* NibLoadable.swift */,
				FAFEF41A24DFA11300CE388E /* Reusable.swift */,
				FAC4581224DD9019002BA373 /* StoryboardInstantiable.swift */,
			);
			path = Protocols;
			sourceTree = "<group>";
		};
		FAFA322F24DD92FA002A4A08 /* Generated */ = {
			isa = PBXGroup;
			children = (
				FAFA322B24DD92F1002A4A08 /* Asset.swift */,
				FAFA322A24DD92F1002A4A08 /* L10n.swift */,
				FAFA322924DD92F1002A4A08 /* Storyboards.swift */,
			);
			path = Generated;
			sourceTree = "<group>";
		};
		FAFA323224DD9321002A4A08 /* en.lproj */ = {
			isa = PBXGroup;
			children = (
				FAFA323024DD931A002A4A08 /* Localizable.strings */,
			);
			path = en.lproj;
			sourceTree = "<group>";
		};
		FAFEF41924DE0B6A00CE388E /* Extensions */ = {
			isa = PBXGroup;
			children = (
				FAFEF41724DE0B6500CE388E /* Double+Currency.swift */,
				FAFEF41E24DFA14700CE388E /* UITableView+Additions.swift */,
			);
			path = Extensions;
			sourceTree = "<group>";
		};
		FAFEF42424DFA24800CE388E /* TransactionCell */ = {
			isa = PBXGroup;
			children = (
				FAFEF42124DFA23C00CE388E /* TransactionCell.xib */,
				FAFEF42024DFA23C00CE388E /* TransactionCell.swift */,
			);
			path = TransactionCell;
			sourceTree = "<group>";
		};
		FAFEF42524DFA25400CE388E /* Views */ = {
			isa = PBXGroup;
			children = (
				FAFEF42A24DFA56100CE388E /* AccountCell */,
				FAFEF42424DFA24800CE388E /* TransactionCell */,
			);
			path = Views;
			sourceTree = "<group>";
		};
		FAFEF42A24DFA56100CE388E /* AccountCell */ = {
			isa = PBXGroup;
			children = (
				FAFEF42724DFA55E00CE388E /* AccountCell.xib */,
				FAFEF42624DFA55E00CE388E /* AccountCell.swift */,
			);
			path = AccountCell;
			sourceTree = "<group>";
		};
/* End PBXGroup section */

/* Begin PBXNativeTarget section */
		FAC457E024DD8D9E002BA373 /* MTLight */ = {
			isa = PBXNativeTarget;
			buildConfigurationList = FAC4580024DD8D9E002BA373 /* Build configuration list for PBXNativeTarget "MTLight" */;
			buildPhases = (
				2EB9865BB5A38C244E2A3856 /* [CP] Check Pods Manifest.lock */,
				FAFA322124DD91C1002A4A08 /* SwiftGen Script */,
				FAC457DD24DD8D9E002BA373 /* Sources */,
				FAC457DE24DD8D9E002BA373 /* Frameworks */,
				FAC457DF24DD8D9E002BA373 /* Resources */,
				FA5E436D24DDA19A00DE31BC /* ShellScript */,
			);
			buildRules = (
			);
			dependencies = (
			);
			name = MTLight;
			productName = MTLight;
			productReference = FAC457E124DD8D9E002BA373 /* MTLight.app */;
			productType = "com.apple.product-type.application";
		};
		FAC457F624DD8D9E002BA373 /* MTLightTests */ = {
			isa = PBXNativeTarget;
			buildConfigurationList = FAC4580324DD8D9E002BA373 /* Build configuration list for PBXNativeTarget "MTLightTests" */;
			buildPhases = (
				F186200A94927C53DCD11011 /* [CP] Check Pods Manifest.lock */,
				FAC457F324DD8D9E002BA373 /* Sources */,
				FAC457F424DD8D9E002BA373 /* Frameworks */,
				FAC457F524DD8D9E002BA373 /* Resources */,
			);
			buildRules = (
			);
			dependencies = (
				FAC457F924DD8D9E002BA373 /* PBXTargetDependency */,
			);
			name = MTLightTests;
			productName = MTLightTests;
			productReference = FAC457F724DD8D9E002BA373 /* MTLightTests.xctest */;
			productType = "com.apple.product-type.bundle.unit-test";
		};
/* End PBXNativeTarget section */

/* Begin PBXProject section */
		FAC457D924DD8D9D002BA373 /* Project object */ = {
			isa = PBXProject;
			attributes = {
				LastSwiftUpdateCheck = 1140;
				LastUpgradeCheck = 1140;
				ORGANIZATIONNAME = "Momo Ozawa";
				TargetAttributes = {
					FAC457E024DD8D9E002BA373 = {
						CreatedOnToolsVersion = 11.4;
					};
					FAC457F624DD8D9E002BA373 = {
						CreatedOnToolsVersion = 11.4;
						TestTargetID = FAC457E024DD8D9E002BA373;
					};
				};
			};
			buildConfigurationList = FAC457DC24DD8D9D002BA373 /* Build configuration list for PBXProject "MTLight" */;
			compatibilityVersion = "Xcode 9.3";
			developmentRegion = en;
			hasScannedForEncodings = 0;
			knownRegions = (
				en,
				Base,
			);
			mainGroup = FAC457D824DD8D9D002BA373;
			productRefGroup = FAC457E224DD8D9E002BA373 /* Products */;
			projectDirPath = "";
			projectRoot = "";
			targets = (
				FAC457E024DD8D9E002BA373 /* MTLight */,
				FAC457F624DD8D9E002BA373 /* MTLightTests */,
			);
		};
/* End PBXProject section */

/* Begin PBXResourcesBuildPhase section */
		FAC457DF24DD8D9E002BA373 /* Resources */ = {
			isa = PBXResourcesBuildPhase;
			buildActionMask = 2147483647;
			files = (
				FA5E437324DDA22800DE31BC /* transactions_3.json in Resources */,
				FA5E437424DDA22800DE31BC /* transactions_2.json in Resources */,
				FA5E438724DE068E00DE31BC /* TransactionsStoryboard.storyboard in Resources */,
				FAC4580A24DD8EDF002BA373 /* AccountsStoryboard.storyboard in Resources */,
				FAFEF42324DFA23C00CE388E /* TransactionCell.xib in Resources */,
				FAFA323124DD931A002A4A08 /* Localizable.strings in Resources */,
				FAFEF42924DFA55E00CE388E /* AccountCell.xib in Resources */,
				FAC457F124DD8D9E002BA373 /* LaunchScreen.storyboard in Resources */,
				FA5E437524DDA22800DE31BC /* accounts.json in Resources */,
				FA5E437224DDA22800DE31BC /* transactions_1.json in Resources */,
				FAC457EE24DD8D9E002BA373 /* Assets.xcassets in Resources */,
			);
			runOnlyForDeploymentPostprocessing = 0;
		};
		FAC457F524DD8D9E002BA373 /* Resources */ = {
			isa = PBXResourcesBuildPhase;
			buildActionMask = 2147483647;
			files = (
			);
			runOnlyForDeploymentPostprocessing = 0;
		};
/* End PBXResourcesBuildPhase section */

/* Begin PBXShellScriptBuildPhase section */
		2EB9865BB5A38C244E2A3856 /* [CP] Check Pods Manifest.lock */ = {
			isa = PBXShellScriptBuildPhase;
			buildActionMask = 2147483647;
			files = (
			);
			inputFileListPaths = (
			);
			inputPaths = (
				"${PODS_PODFILE_DIR_PATH}/Podfile.lock",
				"${PODS_ROOT}/Manifest.lock",
			);
			name = "[CP] Check Pods Manifest.lock";
			outputFileListPaths = (
			);
			outputPaths = (
				"$(DERIVED_FILE_DIR)/Pods-MTLight-checkManifestLockResult.txt",
			);
			runOnlyForDeploymentPostprocessing = 0;
			shellPath = /bin/sh;
			shellScript = "diff \"${PODS_PODFILE_DIR_PATH}/Podfile.lock\" \"${PODS_ROOT}/Manifest.lock\" > /dev/null\nif [ $? != 0 ] ; then\n    # print error to STDERR\n    echo \"error: The sandbox is not in sync with the Podfile.lock. Run 'pod install' or update your CocoaPods installation.\" >&2\n    exit 1\nfi\n# This output is used by Xcode 'outputs' to avoid re-running this script phase.\necho \"SUCCESS\" > \"${SCRIPT_OUTPUT_FILE_0}\"\n";
			showEnvVarsInLog = 0;
		};
		F186200A94927C53DCD11011 /* [CP] Check Pods Manifest.lock */ = {
			isa = PBXShellScriptBuildPhase;
			buildActionMask = 2147483647;
			files = (
			);
			inputFileListPaths = (
			);
			inputPaths = (
				"${PODS_PODFILE_DIR_PATH}/Podfile.lock",
				"${PODS_ROOT}/Manifest.lock",
			);
			name = "[CP] Check Pods Manifest.lock";
			outputFileListPaths = (
			);
			outputPaths = (
				"$(DERIVED_FILE_DIR)/Pods-MTLightTests-checkManifestLockResult.txt",
			);
			runOnlyForDeploymentPostprocessing = 0;
			shellPath = /bin/sh;
			shellScript = "diff \"${PODS_PODFILE_DIR_PATH}/Podfile.lock\" \"${PODS_ROOT}/Manifest.lock\" > /dev/null\nif [ $? != 0 ] ; then\n    # print error to STDERR\n    echo \"error: The sandbox is not in sync with the Podfile.lock. Run 'pod install' or update your CocoaPods installation.\" >&2\n    exit 1\nfi\n# This output is used by Xcode 'outputs' to avoid re-running this script phase.\necho \"SUCCESS\" > \"${SCRIPT_OUTPUT_FILE_0}\"\n";
			showEnvVarsInLog = 0;
		};
		FA5E436D24DDA19A00DE31BC /* ShellScript */ = {
			isa = PBXShellScriptBuildPhase;
			buildActionMask = 2147483647;
			files = (
			);
			inputFileListPaths = (
				"$(SRCROOT)/MTLight/input.xcfilelist",
			);
			inputPaths = (
			);
			outputFileListPaths = (
				"$(SRCROOT)/MTLight/output.xcfilelist",
			);
			outputPaths = (
			);
			runOnlyForDeploymentPostprocessing = 0;
			shellPath = /bin/sh;
			shellScript = "/usr/local/bin/carthage copy-frameworks\n\n";
			showEnvVarsInLog = 0;
		};
		FAFA322124DD91C1002A4A08 /* SwiftGen Script */ = {
			isa = PBXShellScriptBuildPhase;
			buildActionMask = 2147483647;
			files = (
			);
			inputFileListPaths = (
			);
			inputPaths = (
			);
			name = "SwiftGen Script";
			outputFileListPaths = (
			);
			outputPaths = (
			);
			runOnlyForDeploymentPostprocessing = 0;
			shellPath = /bin/sh;
			shellScript = "if [[ -f \"${PODS_ROOT}/SwiftGen/bin/swiftgen\" ]]; then\n  \"${PODS_ROOT}/SwiftGen/bin/swiftgen\"\nelse\n  echo \"warning: SwiftGen is not installed. Run 'pod install --repo-update' to install it.\"\nfi\n";
		};
/* End PBXShellScriptBuildPhase section */

/* Begin PBXSourcesBuildPhase section */
		FAC457DD24DD8D9E002BA373 /* Sources */ = {
			isa = PBXSourcesBuildPhase;
			buildActionMask = 2147483647;
			files = (
				FA5E438424DE067E00DE31BC /* TransactionsViewController.swift in Sources */,
				FAFA322E24DD92F1002A4A08 /* Asset.swift in Sources */,
				FA5E437D24DE03A300DE31BC /* Account.swift in Sources */,
				FAFA322D24DD92F1002A4A08 /* L10n.swift in Sources */,
				FAFEF41B24DFA11300CE388E /* Reusable.swift in Sources */,
				FAC457E524DD8D9E002BA373 /* AppDelegate.swift in Sources */,
				FA5E439024DE07C600DE31BC /* TransactionsWireframe.swift in Sources */,
				FAC4580824DD8ED3002BA373 /* AccountsViewController.swift in Sources */,
				FAFEF41824DE0B6500CE388E /* Double+Currency.swift in Sources */,
				FAFEF41D24DFA12900CE388E /* NibLoadable.swift in Sources */,
				FA5E438B24DE06F100DE31BC /* Transactions.swift in Sources */,
				FAFEF42224DFA23C00CE388E /* TransactionCell.swift in Sources */,
				FAC4580E24DD8F05002BA373 /* AccountsViewModel.swift in Sources */,
				FAC4581124DD900F002BA373 /* Injectable.swift in Sources */,
				FAFEF42C24DFA81000CE388E /* AlertDisplayable.swift in Sources */,
				FAC4581324DD9019002BA373 /* StoryboardInstantiable.swift in Sources */,
				FA5E438224DE067200DE31BC /* TransactionsViewModel.swift in Sources */,
				FA5E437F24DE044C00DE31BC /* MTService.swift in Sources */,
				FAFEF42824DFA55E00CE388E /* AccountCell.swift in Sources */,
				FA5E437824DE036500DE31BC /* Accounts.swift in Sources */,
				FAC457E724DD8D9E002BA373 /* SceneDelegate.swift in Sources */,
				FAFA322C24DD92F1002A4A08 /* Storyboards.swift in Sources */,
				FA5E438E24DE079D00DE31BC /* AccountsWireframe.swift in Sources */,
				FA5E438924DE06EA00DE31BC /* Transaction.swift in Sources */,
				FAFEF41F24DFA14700CE388E /* UITableView+Additions.swift in Sources */,
			);
			runOnlyForDeploymentPostprocessing = 0;
		};
		FAC457F324DD8D9E002BA373 /* Sources */ = {
			isa = PBXSourcesBuildPhase;
			buildActionMask = 2147483647;
			files = (
				FAC457FC24DD8D9E002BA373 /* MTLightTests.swift in Sources */,
			);
			runOnlyForDeploymentPostprocessing = 0;
		};
/* End PBXSourcesBuildPhase section */

/* Begin PBXTargetDependency section */
		FAC457F924DD8D9E002BA373 /* PBXTargetDependency */ = {
			isa = PBXTargetDependency;
			target = FAC457E024DD8D9E002BA373 /* MTLight */;
			targetProxy = FAC457F824DD8D9E002BA373 /* PBXContainerItemProxy */;
		};
/* End PBXTargetDependency section */

/* Begin PBXVariantGroup section */
		FAC457EF24DD8D9E002BA373 /* LaunchScreen.storyboard */ = {
			isa = PBXVariantGroup;
			children = (
				FAC457F024DD8D9E002BA373 /* Base */,
			);
			name = LaunchScreen.storyboard;
			sourceTree = "<group>";
		};
/* End PBXVariantGroup section */

/* Begin XCBuildConfiguration section */
		FAC457FE24DD8D9E002BA373 /* Debug */ = {
			isa = XCBuildConfiguration;
			buildSettings = {
				ALWAYS_SEARCH_USER_PATHS = NO;
				CLANG_ANALYZER_NONNULL = YES;
				CLANG_ANALYZER_NUMBER_OBJECT_CONVERSION = YES_AGGRESSIVE;
				CLANG_CXX_LANGUAGE_STANDARD = "gnu++14";
				CLANG_CXX_LIBRARY = "libc++";
				CLANG_ENABLE_MODULES = YES;
				CLANG_ENABLE_OBJC_ARC = YES;
				CLANG_ENABLE_OBJC_WEAK = YES;
				CLANG_WARN_BLOCK_CAPTURE_AUTORELEASING = YES;
				CLANG_WARN_BOOL_CONVERSION = YES;
				CLANG_WARN_COMMA = YES;
				CLANG_WARN_CONSTANT_CONVERSION = YES;
				CLANG_WARN_DEPRECATED_OBJC_IMPLEMENTATIONS = YES;
				CLANG_WARN_DIRECT_OBJC_ISA_USAGE = YES_ERROR;
				CLANG_WARN_DOCUMENTATION_COMMENTS = YES;
				CLANG_WARN_EMPTY_BODY = YES;
				CLANG_WARN_ENUM_CONVERSION = YES;
				CLANG_WARN_INFINITE_RECURSION = YES;
				CLANG_WARN_INT_CONVERSION = YES;
				CLANG_WARN_NON_LITERAL_NULL_CONVERSION = YES;
				CLANG_WARN_OBJC_IMPLICIT_RETAIN_SELF = YES;
				CLANG_WARN_OBJC_LITERAL_CONVERSION = YES;
				CLANG_WARN_OBJC_ROOT_CLASS = YES_ERROR;
				CLANG_WARN_RANGE_LOOP_ANALYSIS = YES;
				CLANG_WARN_STRICT_PROTOTYPES = YES;
				CLANG_WARN_SUSPICIOUS_MOVE = YES;
				CLANG_WARN_UNGUARDED_AVAILABILITY = YES_AGGRESSIVE;
				CLANG_WARN_UNREACHABLE_CODE = YES;
				CLANG_WARN__DUPLICATE_METHOD_MATCH = YES;
				COPY_PHASE_STRIP = NO;
				DEBUG_INFORMATION_FORMAT = dwarf;
				ENABLE_STRICT_OBJC_MSGSEND = YES;
				ENABLE_TESTABILITY = YES;
				GCC_C_LANGUAGE_STANDARD = gnu11;
				GCC_DYNAMIC_NO_PIC = NO;
				GCC_NO_COMMON_BLOCKS = YES;
				GCC_OPTIMIZATION_LEVEL = 0;
				GCC_PREPROCESSOR_DEFINITIONS = (
					"DEBUG=1",
					"$(inherited)",
				);
				GCC_WARN_64_TO_32_BIT_CONVERSION = YES;
				GCC_WARN_ABOUT_RETURN_TYPE = YES_ERROR;
				GCC_WARN_UNDECLARED_SELECTOR = YES;
				GCC_WARN_UNINITIALIZED_AUTOS = YES_AGGRESSIVE;
				GCC_WARN_UNUSED_FUNCTION = YES;
				GCC_WARN_UNUSED_VARIABLE = YES;
				IPHONEOS_DEPLOYMENT_TARGET = 13.4;
				MTL_ENABLE_DEBUG_INFO = INCLUDE_SOURCE;
				MTL_FAST_MATH = YES;
				ONLY_ACTIVE_ARCH = YES;
				SDKROOT = iphoneos;
				SWIFT_ACTIVE_COMPILATION_CONDITIONS = DEBUG;
				SWIFT_OPTIMIZATION_LEVEL = "-Onone";
			};
			name = Debug;
		};
		FAC457FF24DD8D9E002BA373 /* Release */ = {
			isa = XCBuildConfiguration;
			buildSettings = {
				ALWAYS_SEARCH_USER_PATHS = NO;
				CLANG_ANALYZER_NONNULL = YES;
				CLANG_ANALYZER_NUMBER_OBJECT_CONVERSION = YES_AGGRESSIVE;
				CLANG_CXX_LANGUAGE_STANDARD = "gnu++14";
				CLANG_CXX_LIBRARY = "libc++";
				CLANG_ENABLE_MODULES = YES;
				CLANG_ENABLE_OBJC_ARC = YES;
				CLANG_ENABLE_OBJC_WEAK = YES;
				CLANG_WARN_BLOCK_CAPTURE_AUTORELEASING = YES;
				CLANG_WARN_BOOL_CONVERSION = YES;
				CLANG_WARN_COMMA = YES;
				CLANG_WARN_CONSTANT_CONVERSION = YES;
				CLANG_WARN_DEPRECATED_OBJC_IMPLEMENTATIONS = YES;
				CLANG_WARN_DIRECT_OBJC_ISA_USAGE = YES_ERROR;
				CLANG_WARN_DOCUMENTATION_COMMENTS = YES;
				CLANG_WARN_EMPTY_BODY = YES;
				CLANG_WARN_ENUM_CONVERSION = YES;
				CLANG_WARN_INFINITE_RECURSION = YES;
				CLANG_WARN_INT_CONVERSION = YES;
				CLANG_WARN_NON_LITERAL_NULL_CONVERSION = YES;
				CLANG_WARN_OBJC_IMPLICIT_RETAIN_SELF = YES;
				CLANG_WARN_OBJC_LITERAL_CONVERSION = YES;
				CLANG_WARN_OBJC_ROOT_CLASS = YES_ERROR;
				CLANG_WARN_RANGE_LOOP_ANALYSIS = YES;
				CLANG_WARN_STRICT_PROTOTYPES = YES;
				CLANG_WARN_SUSPICIOUS_MOVE = YES;
				CLANG_WARN_UNGUARDED_AVAILABILITY = YES_AGGRESSIVE;
				CLANG_WARN_UNREACHABLE_CODE = YES;
				CLANG_WARN__DUPLICATE_METHOD_MATCH = YES;
				COPY_PHASE_STRIP = NO;
				DEBUG_INFORMATION_FORMAT = "dwarf-with-dsym";
				ENABLE_NS_ASSERTIONS = NO;
				ENABLE_STRICT_OBJC_MSGSEND = YES;
				GCC_C_LANGUAGE_STANDARD = gnu11;
				GCC_NO_COMMON_BLOCKS = YES;
				GCC_WARN_64_TO_32_BIT_CONVERSION = YES;
				GCC_WARN_ABOUT_RETURN_TYPE = YES_ERROR;
				GCC_WARN_UNDECLARED_SELECTOR = YES;
				GCC_WARN_UNINITIALIZED_AUTOS = YES_AGGRESSIVE;
				GCC_WARN_UNUSED_FUNCTION = YES;
				GCC_WARN_UNUSED_VARIABLE = YES;
				IPHONEOS_DEPLOYMENT_TARGET = 13.4;
				MTL_ENABLE_DEBUG_INFO = NO;
				MTL_FAST_MATH = YES;
				SDKROOT = iphoneos;
				SWIFT_COMPILATION_MODE = wholemodule;
				SWIFT_OPTIMIZATION_LEVEL = "-O";
				VALIDATE_PRODUCT = YES;
			};
			name = Release;
		};
		FAC4580124DD8D9E002BA373 /* Debug */ = {
			isa = XCBuildConfiguration;
			baseConfigurationReference = 72266CD0C5282D513735A54D /* Pods-MTLight.debug.xcconfig */;
			buildSettings = {
				ASSETCATALOG_COMPILER_APPICON_NAME = AppIcon;
				CODE_SIGN_STYLE = Automatic;
				FRAMEWORK_SEARCH_PATHS = (
					"$(inherited)",
					"$(PROJECT_DIR)/Carthage/Build/iOS",
				);
				INFOPLIST_FILE = MTLight/Info.plist;
				LD_RUNPATH_SEARCH_PATHS = (
					"$(inherited)",
					"@executable_path/Frameworks",
				);
				PRODUCT_BUNDLE_IDENTIFIER = com.mmzw.MTLight;
				PRODUCT_NAME = "$(TARGET_NAME)";
				SWIFT_VERSION = 5.0;
				TARGETED_DEVICE_FAMILY = "1,2";
			};
			name = Debug;
		};
		FAC4580224DD8D9E002BA373 /* Release */ = {
			isa = XCBuildConfiguration;
			baseConfigurationReference = 9612511BDF6A6778AC76AEBB /* Pods-MTLight.release.xcconfig */;
			buildSettings = {
				ASSETCATALOG_COMPILER_APPICON_NAME = AppIcon;
				CODE_SIGN_STYLE = Automatic;
				FRAMEWORK_SEARCH_PATHS = (
					"$(inherited)",
					"$(PROJECT_DIR)/Carthage/Build/iOS",
				);
				INFOPLIST_FILE = MTLight/Info.plist;
				LD_RUNPATH_SEARCH_PATHS = (
					"$(inherited)",
					"@executable_path/Frameworks",
				);
				PRODUCT_BUNDLE_IDENTIFIER = com.mmzw.MTLight;
				PRODUCT_NAME = "$(TARGET_NAME)";
				SWIFT_VERSION = 5.0;
				TARGETED_DEVICE_FAMILY = "1,2";
			};
			name = Release;
		};
		FAC4580424DD8D9E002BA373 /* Debug */ = {
			isa = XCBuildConfiguration;
			baseConfigurationReference = 0A037B3A17B4F0FB5F46929C /* Pods-MTLightTests.debug.xcconfig */;
			buildSettings = {
				ALWAYS_EMBED_SWIFT_STANDARD_LIBRARIES = YES;
				BUNDLE_LOADER = "$(TEST_HOST)";
				CODE_SIGN_STYLE = Automatic;
				INFOPLIST_FILE = MTLightTests/Info.plist;
				IPHONEOS_DEPLOYMENT_TARGET = 13.4;
				LD_RUNPATH_SEARCH_PATHS = (
					"$(inherited)",
					"@executable_path/Frameworks",
					"@loader_path/Frameworks",
				);
				PRODUCT_BUNDLE_IDENTIFIER = com.mmzw.MTLightTests;
				PRODUCT_NAME = "$(TARGET_NAME)";
				SWIFT_VERSION = 5.0;
				TARGETED_DEVICE_FAMILY = "1,2";
				TEST_HOST = "$(BUILT_PRODUCTS_DIR)/MTLight.app/MTLight";
			};
			name = Debug;
		};
		FAC4580524DD8D9E002BA373 /* Release */ = {
			isa = XCBuildConfiguration;
			baseConfigurationReference = 98A8789DFE3FFD2884A713AB /* Pods-MTLightTests.release.xcconfig */;
			buildSettings = {
				ALWAYS_EMBED_SWIFT_STANDARD_LIBRARIES = YES;
				BUNDLE_LOADER = "$(TEST_HOST)";
				CODE_SIGN_STYLE = Automatic;
				INFOPLIST_FILE = MTLightTests/Info.plist;
				IPHONEOS_DEPLOYMENT_TARGET = 13.4;
				LD_RUNPATH_SEARCH_PATHS = (
					"$(inherited)",
					"@executable_path/Frameworks",
					"@loader_path/Frameworks",
				);
				PRODUCT_BUNDLE_IDENTIFIER = com.mmzw.MTLightTests;
				PRODUCT_NAME = "$(TARGET_NAME)";
				SWIFT_VERSION = 5.0;
				TARGETED_DEVICE_FAMILY = "1,2";
				TEST_HOST = "$(BUILT_PRODUCTS_DIR)/MTLight.app/MTLight";
			};
			name = Release;
		};
/* End XCBuildConfiguration section */

/* Begin XCConfigurationList section */
		FAC457DC24DD8D9D002BA373 /* Build configuration list for PBXProject "MTLight" */ = {
			isa = XCConfigurationList;
			buildConfigurations = (
				FAC457FE24DD8D9E002BA373 /* Debug */,
				FAC457FF24DD8D9E002BA373 /* Release */,
			);
			defaultConfigurationIsVisible = 0;
			defaultConfigurationName = Release;
		};
		FAC4580024DD8D9E002BA373 /* Build configuration list for PBXNativeTarget "MTLight" */ = {
			isa = XCConfigurationList;
			buildConfigurations = (
				FAC4580124DD8D9E002BA373 /* Debug */,
				FAC4580224DD8D9E002BA373 /* Release */,
			);
			defaultConfigurationIsVisible = 0;
			defaultConfigurationName = Release;
		};
		FAC4580324DD8D9E002BA373 /* Build configuration list for PBXNativeTarget "MTLightTests" */ = {
			isa = XCConfigurationList;
			buildConfigurations = (
				FAC4580424DD8D9E002BA373 /* Debug */,
				FAC4580524DD8D9E002BA373 /* Release */,
			);
			defaultConfigurationIsVisible = 0;
			defaultConfigurationName = Release;
		};
/* End XCConfigurationList section */
	};
	rootObject = FAC457D924DD8D9D002BA373 /* Project object */;
}
